// !$*UTF8*$!
{
	archiveVersion = 1;
	classes = {
	};
	objectVersion = 50;
	objects = {

/* Begin PBXBuildFile section */
		ACECF1DC264A27BA00551C9F /* AppDelegate.swift in Sources */ = {isa = PBXBuildFile; fileRef = ACECF1DB264A27BA00551C9F /* AppDelegate.swift */; };
		ACECF1DE264A27BB00551C9F /* SceneDelegate.swift in Sources */ = {isa = PBXBuildFile; fileRef = ACECF1DD264A27BB00551C9F /* SceneDelegate.swift */; };
		ACECF1E0264A27BB00551C9F /* ViewController.swift in Sources */ = {isa = PBXBuildFile; fileRef = ACECF1DF264A27BB00551C9F /* ViewController.swift */; };
		ACECF1E3264A27BB00551C9F /* Main.storyboard in Resources */ = {isa = PBXBuildFile; fileRef = ACECF1E1264A27BB00551C9F /* Main.storyboard */; };
		ACECF1E5264A27BB00551C9F /* Assets.xcassets in Resources */ = {isa = PBXBuildFile; fileRef = ACECF1E4264A27BB00551C9F /* Assets.xcassets */; };
		ACECF1E8264A27BB00551C9F /* LaunchScreen.storyboard in Resources */ = {isa = PBXBuildFile; fileRef = ACECF1E6264A27BB00551C9F /* LaunchScreen.storyboard */; };
/* End PBXBuildFile section */

/* Begin PBXFileReference section */
		ACECF1D8264A27BA00551C9F /* SearchingLocations.app */ = {isa = PBXFileReference; explicitFileType = wrapper.application; includeInIndex = 0; path = SearchingLocations.app; sourceTree = BUILT_PRODUCTS_DIR; };
		ACECF1DB264A27BA00551C9F /* AppDelegate.swift */ = {isa = PBXFileReference; lastKnownFileType = sourcecode.swift; path = AppDelegate.swift; sourceTree = "<group>"; };
		ACECF1DD264A27BB00551C9F /* SceneDelegate.swift */ = {isa = PBXFileReference; lastKnownFileType = sourcecode.swift; path = SceneDelegate.swift; sourceTree = "<group>"; };
		ACECF1DF264A27BB00551C9F /* ViewController.swift */ = {isa = PBXFileReference; lastKnownFileType = sourcecode.swift; path = ViewController.swift; sourceTree = "<group>"; };
		ACECF1E2264A27BB00551C9F /* Base */ = {isa = PBXFileReference; lastKnownFileType = file.storyboard; name = Base; path = Base.lproj/Main.storyboard; sourceTree = "<group>"; };
		ACECF1E4264A27BB00551C9F /* Assets.xcassets */ = {isa = PBXFileReference; lastKnownFileType = folder.assetcatalog; path = Assets.xcassets; sourceTree = "<group>"; };
		ACECF1E7264A27BB00551C9F /* Base */ = {isa = PBXFileReference; lastKnownFileType = file.storyboard; name = Base; path = Base.lproj/LaunchScreen.storyboard; sourceTree = "<group>"; };
		ACECF1E9264A27BB00551C9F /* Info.plist */ = {isa = PBXFileReference; lastKnownFileType = text.plist.xml; path = Info.plist; sourceTree = "<group>"; };
/* End PBXFileReference section */

/* Begin PBXFrameworksBuildPhase section */
		ACECF1D5264A27BA00551C9F /* Frameworks */ = {
			isa = PBXFrameworksBuildPhase;
			buildActionMask = 2147483647;
			files = (
			);
			runOnlyForDeploymentPostprocessing = 0;
		};
/* End PBXFrameworksBuildPhase section */

/* Begin PBXGroup section */
		ACECF1CF264A27BA00551C9F = {
			isa = PBXGroup;
			children = (
				ACECF1DA264A27BA00551C9F /* SearchingLocations */,
				ACECF1D9264A27BA00551C9F /* Products */,
			);
			sourceTree = "<group>";
		};
		ACECF1D9264A27BA00551C9F /* Products */ = {
			isa = PBXGroup;
			children = (
				ACECF1D8264A27BA00551C9F /* SearchingLocations.app */,
			);
			name = Products;
			sourceTree = "<group>";
		};
		ACECF1DA264A27BA00551C9F /* SearchingLocations */ = {
			isa = PBXGroup;
			children = (
				ACECF1DB264A27BA00551C9F /* AppDelegate.swift */,
				ACECF1DD264A27BB00551C9F /* SceneDelegate.swift */,
				ACECF1DF264A27BB00551C9F /* ViewController.swift */,
				ACECF1E1264A27BB00551C9F /* Main.storyboard */,
				ACECF1E4264A27BB00551C9F /* Assets.xcassets */,
				ACECF1E6264A27BB00551C9F /* LaunchScreen.storyboard */,
				ACECF1E9264A27BB00551C9F /* Info.plist */,
			);
			path = SearchingLocations;
			sourceTree = "<group>";
		};
/* End PBXGroup section */

/* Begin PBXNativeTarget section */
		ACECF1D7264A27BA00551C9F /* SearchingLocations */ = {
			isa = PBXNativeTarget;
			buildConfigurationList = ACECF1EC264A27BB00551C9F /* Build configuration list for PBXNativeTarget "SearchingLocations" */;
			buildPhases = (
				ACECF1D4264A27BA00551C9F /* Sources */,
				ACECF1D5264A27BA00551C9F /* Frameworks */,
				ACECF1D6264A27BA00551C9F /* Resources */,
			);
			buildRules = (
			);
			dependencies = (
			);
			name = SearchingLocations;
			productName = SearchingLocations;
			productReference = ACECF1D8264A27BA00551C9F /* SearchingLocations.app */;
			productType = "com.apple.product-type.application";
		};
/* End PBXNativeTarget section */

/* Begin PBXProject section */
		ACECF1D0264A27BA00551C9F /* Project object */ = {
			isa = PBXProject;
			attributes = {
				LastSwiftUpdateCheck = 1250;
				LastUpgradeCheck = 1250;
				TargetAttributes = {
					ACECF1D7264A27BA00551C9F = {
						CreatedOnToolsVersion = 12.5;
					};
				};
			};
			buildConfigurationList = ACECF1D3264A27BA00551C9F /* Build configuration list for PBXProject "SearchingLocations" */;
			compatibilityVersion = "Xcode 9.3";
			developmentRegion = en;
			hasScannedForEncodings = 0;
			knownRegions = (
				en,
				Base,
			);
			mainGroup = ACECF1CF264A27BA00551C9F;
			productRefGroup = ACECF1D9264A27BA00551C9F /* Products */;
			projectDirPath = "";
			projectRoot = "";
			targets = (
				ACECF1D7264A27BA00551C9F /* SearchingLocations */,
			);
		};
/* End PBXProject section */

/* Begin PBXResourcesBuildPhase section */
		ACECF1D6264A27BA00551C9F /* Resources */ = {
			isa = PBXResourcesBuildPhase;
			buildActionMask = 2147483647;
			files = (
				ACECF1E8264A27BB00551C9F /* LaunchScreen.storyboard in Resources */,
				ACECF1E5264A27BB00551C9F /* Assets.xcassets in Resources */,
				ACECF1E3264A27BB00551C9F /* Main.storyboard in Resources */,
			);
			runOnlyForDeploymentPostprocessing = 0;
		};
/* End PBXResourcesBuildPhase section */

/* Begin PBXSourcesBuildPhase section */
		ACECF1D4264A27BA00551C9F /* Sources */ = {
			isa = PBXSourcesBuildPhase;
			buildActionMask = 2147483647;
			files = (
				ACECF1E0264A27BB00551C9F /* ViewController.swift in Sources */,
				ACECF1DC264A27BA00551C9F /* AppDelegate.swift in Sources */,
				ACECF1DE264A27BB00551C9F /* SceneDelegate.swift in Sources */,
			);
			runOnlyForDeploymentPostprocessing = 0;
		};
/* End PBXSourcesBuildPhase section */

/* Begin PBXVariantGroup section */
		ACECF1E1264A27BB00551C9F /* Main.storyboard */ = {
			isa = PBXVariantGroup;
			children = (
				ACECF1E2264A27BB00551C9F /* Base */,
			);
			name = Main.storyboard;
			sourceTree = "<group>";
		};
		ACECF1E6264A27BB00551C9F /* LaunchScreen.storyboard */ = {
			isa = PBXVariantGroup;
			children = (
				ACECF1E7264A27BB00551C9F /* Base */,
			);
			name = LaunchScreen.storyboard;
			sourceTree = "<group>";
		};
/* End PBXVariantGroup section */

/* Begin XCBuildConfiguration section */
		ACECF1EA264A27BB00551C9F /* Debug */ = {
			isa = XCBuildConfiguration;
			buildSettings = {
				ALWAYS_SEARCH_USER_PATHS = NO;
				CLANG_ANALYZER_NONNULL = YES;
				CLANG_ANALYZER_NUMBER_OBJECT_CONVERSION = YES_AGGRESSIVE;
				CLANG_CXX_LANGUAGE_STANDARD = "gnu++14";
				CLANG_CXX_LIBRARY = "libc++";
				CLANG_ENABLE_MODULES = YES;
				CLANG_ENABLE_OBJC_ARC = YES;
				CLANG_ENABLE_OBJC_WEAK = YES;
				CLANG_WARN_BLOCK_CAPTURE_AUTORELEASING = YES;
				CLANG_WARN_BOOL_CONVERSION = YES;
				CLANG_WARN_COMMA = YES;
				CLANG_WARN_CONSTANT_CONVERSION = YES;
				CLANG_WARN_DEPRECATED_OBJC_IMPLEMENTATIONS = YES;
				CLANG_WARN_DIRECT_OBJC_ISA_USAGE = YES_ERROR;
				CLANG_WARN_DOCUMENTATION_COMMENTS = YES;
				CLANG_WARN_EMPTY_BODY = YES;
				CLANG_WARN_ENUM_CONVERSION = YES;
				CLANG_WARN_INFINITE_RECURSION = YES;
				CLANG_WARN_INT_CONVERSION = YES;
				CLANG_WARN_NON_LITERAL_NULL_CONVERSION = YES;
				CLANG_WARN_OBJC_IMPLICIT_RETAIN_SELF = YES;
				CLANG_WARN_OBJC_LITERAL_CONVERSION = YES;
				CLANG_WARN_OBJC_ROOT_CLASS = YES_ERROR;
				CLANG_WARN_QUOTED_INCLUDE_IN_FRAMEWORK_HEADER = YES;
				CLANG_WARN_RANGE_LOOP_ANALYSIS = YES;
				CLANG_WARN_STRICT_PROTOTYPES = YES;
				CLANG_WARN_SUSPICIOUS_MOVE = YES;
				CLANG_WARN_UNGUARDED_AVAILABILITY = YES_AGGRESSIVE;
				CLANG_WARN_UNREACHABLE_CODE = YES;
				CLANG_WARN__DUPLICATE_METHOD_MATCH = YES;
				COPY_PHASE_STRIP = NO;
				DEBUG_INFORMATION_FORMAT = dwarf;
				ENABLE_STRICT_OBJC_MSGSEND = YES;
				ENABLE_TESTABILITY = YES;
				GCC_C_LANGUAGE_STANDARD = gnu11;
				GCC_DYNAMIC_NO_PIC = NO;
				GCC_NO_COMMON_BLOCKS = YES;
				GCC_OPTIMIZATION_LEVEL = 0;
				GCC_PREPROCESSOR_DEFINITIONS = (
					"DEBUG=1",
					"$(inherited)",
				);
				GCC_WARN_64_TO_32_BIT_CONVERSION = YES;
				GCC_WARN_ABOUT_RETURN_TYPE = YES_ERROR;
				GCC_WARN_UNDECLARED_SELECTOR = YES;
				GCC_WARN_UNINITIALIZED_AUTOS = YES_AGGRESSIVE;
				GCC_WARN_UNUSED_FUNCTION = YES;
				GCC_WARN_UNUSED_VARIABLE = YES;
				IPHONEOS_DEPLOYMENT_TARGET = 14.5;
				MTL_ENABLE_DEBUG_INFO = INCLUDE_SOURCE;
				MTL_FAST_MATH = YES;
				ONLY_ACTIVE_ARCH = YES;
				SDKROOT = iphoneos;
				SWIFT_ACTIVE_COMPILATION_CONDITIONS = DEBUG;
				SWIFT_OPTIMIZATION_LEVEL = "-Onone";
			};
			name = Debug;
		};
		ACECF1EB264A27BB00551C9F /* Release */ = {
			isa = XCBuildConfiguration;
			buildSettings = {
				ALWAYS_SEARCH_USER_PATHS = NO;
				CLANG_ANALYZER_NONNULL = YES;
				CLANG_ANALYZER_NUMBER_OBJECT_CONVERSION = YES_AGGRESSIVE;
				CLANG_CXX_LANGUAGE_STANDARD = "gnu++14";
				CLANG_CXX_LIBRARY = "libc++";
				CLANG_ENABLE_MODULES = YES;
				CLANG_ENABLE_OBJC_ARC = YES;
				CLANG_ENABLE_OBJC_WEAK = YES;
				CLANG_WARN_BLOCK_CAPTURE_AUTORELEASING = YES;
				CLANG_WARN_BOOL_CONVERSION = YES;
				CLANG_WARN_COMMA = YES;
				CLANG_WARN_CONSTANT_CONVERSION = YES;
				CLANG_WARN_DEPRECATED_OBJC_IMPLEMENTATIONS = YES;
				CLANG_WARN_DIRECT_OBJC_ISA_USAGE = YES_ERROR;
				CLANG_WARN_DOCUMENTATION_COMMENTS = YES;
				CLANG_WARN_EMPTY_BODY = YES;
				CLANG_WARN_ENUM_CONVERSION = YES;
				CLANG_WARN_INFINITE_RECURSION = YES;
				CLANG_WARN_INT_CONVERSION = YES;
				CLANG_WARN_NON_LITERAL_NULL_CONVERSION = YES;
				CLANG_WARN_OBJC_IMPLICIT_RETAIN_SELF = YES;
				CLANG_WARN_OBJC_LITERAL_CONVERSION = YES;
				CLANG_WARN_OBJC_ROOT_CLASS = YES_ERROR;
				CLANG_WARN_QUOTED_INCLUDE_IN_FRAMEWORK_HEADER = YES;
				CLANG_WARN_RANGE_LOOP_ANALYSIS = YES;
				CLANG_WARN_STRICT_PROTOTYPES = YES;
				CLANG_WARN_SUSPICIOUS_MOVE = YES;
				CLANG_WARN_UNGUARDED_AVAILABILITY = YES_AGGRESSIVE;
				CLANG_WARN_UNREACHABLE_CODE = YES;
				CLANG_WARN__DUPLICATE_METHOD_MATCH = YES;
				COPY_PHASE_STRIP = NO;
				DEBUG_INFORMATION_FORMAT = "dwarf-with-dsym";
				ENABLE_NS_ASSERTIONS = NO;
				ENABLE_STRICT_OBJC_MSGSEND = YES;
				GCC_C_LANGUAGE_STANDARD = gnu11;
				GCC_NO_COMMON_BLOCKS = YES;
				GCC_WARN_64_TO_32_BIT_CONVERSION = YES;
				GCC_WARN_ABOUT_RETURN_TYPE = YES_ERROR;
				GCC_WARN_UNDECLARED_SELECTOR = YES;
				GCC_WARN_UNINITIALIZED_AUTOS = YES_AGGRESSIVE;
				GCC_WARN_UNUSED_FUNCTION = YES;
				GCC_WARN_UNUSED_VARIABLE = YES;
				IPHONEOS_DEPLOYMENT_TARGET = 14.5;
				MTL_ENABLE_DEBUG_INFO = NO;
				MTL_FAST_MATH = YES;
				SDKROOT = iphoneos;
				SWIFT_COMPILATION_MODE = wholemodule;
				SWIFT_OPTIMIZATION_LEVEL = "-O";
				VALIDATE_PRODUCT = YES;
			};
			name = Release;
		};
		ACECF1ED264A27BB00551C9F /* Debug */ = {
			isa = XCBuildConfiguration;
			buildSettings = {
				ASSETCATALOG_COMPILER_APPICON_NAME = AppIcon;
				ASSETCATALOG_COMPILER_GLOBAL_ACCENT_COLOR_NAME = AccentColor;
				CODE_SIGN_STYLE = Automatic;
				DEVELOPMENT_TEAM = YTHC5U3V42;
				INFOPLIST_FILE = SearchingLocations/Info.plist;
				LD_RUNPATH_SEARCH_PATHS = (
					"$(inherited)",
					"@executable_path/Frameworks",
				);
				PRODUCT_BUNDLE_IDENTIFIER = Salmik.SearchingLocations;
				PRODUCT_NAME = "$(TARGET_NAME)";
				SWIFT_VERSION = 5.0;
				TARGETED_DEVICE_FAMILY = "1,2";
			};
			name = Debug;
		};
		ACECF1EE264A27BB00551C9F /* Release */ = {
			isa = XCBuildConfiguration;
			buildSettings = {
				ASSETCATALOG_COMPILER_APPICON_NAME = AppIcon;
				ASSETCATALOG_COMPILER_GLOBAL_ACCENT_COLOR_NAME = AccentColor;
				CODE_SIGN_STYLE = Automatic;
				DEVELOPMENT_TEAM = YTHC5U3V42;
				INFOPLIST_FILE = SearchingLocations/Info.plist;
				LD_RUNPATH_SEARCH_PATHS = (
					"$(inherited)",
					"@executable_path/Frameworks",
				);
				PRODUCT_BUNDLE_IDENTIFIER = Salmik.SearchingLocations;
				PRODUCT_NAME = "$(TARGET_NAME)";
				SWIFT_VERSION = 5.0;
				TARGETED_DEVICE_FAMILY = "1,2";
			};
			name = Release;
		};
/* End XCBuildConfiguration section */

/* Begin XCConfigurationList section */
		ACECF1D3264A27BA00551C9F /* Build configuration list for PBXProject "SearchingLocations" */ = {
			isa = XCConfigurationList;
			buildConfigurations = (
				ACECF1EA264A27BB00551C9F /* Debug */,
				ACECF1EB264A27BB00551C9F /* Release */,
			);
			defaultConfigurationIsVisible = 0;
			defaultConfigurationName = Release;
		};
		ACECF1EC264A27BB00551C9F /* Build configuration list for PBXNativeTarget "SearchingLocations" */ = {
			isa = XCConfigurationList;
			buildConfigurations = (
				ACECF1ED264A27BB00551C9F /* Debug */,
				ACECF1EE264A27BB00551C9F /* Release */,
			);
			defaultConfigurationIsVisible = 0;
			defaultConfigurationName = Release;
		};
/* End XCConfigurationList section */
	};
	rootObject = ACECF1D0264A27BA00551C9F /* Project object */;
}
